// !$*UTF8*$!
{
	archiveVersion = 1;
	classes = {
	};
	objectVersion = 56;
	objects = {

/* Begin PBXFileReference section */
		5B40DEF22D3E79A900F71C51 /* 7. Reverse Integer.playground */ = {isa = PBXFileReference; lastKnownFileType = file.playground; path = "7. Reverse Integer.playground"; sourceTree = "<group>"; xcLanguageSpecificationIdentifier = xcode.lang.swift; };
		5B44118E2D557B7E00680088 /* 27. Remove Element.playground */ = {isa = PBXFileReference; lastKnownFileType = file.playground; path = "27. Remove Element.playground"; sourceTree = "<group>"; xcLanguageSpecificationIdentifier = xcode.lang.swift; };
		5B44118F2D5585D300680088 /* 26. Remove Duplicates from Sorted Array.playground */ = {isa = PBXFileReference; lastKnownFileType = file.playground; path = "26. Remove Duplicates from Sorted Array.playground"; sourceTree = "<group>"; xcLanguageSpecificationIdentifier = xcode.lang.swift; };
		5B4411902D5642A700680088 /* 121. Best Time to Buy and Sell Stock.playground */ = {isa = PBXFileReference; lastKnownFileType = file.playground; path = "121. Best Time to Buy and Sell Stock.playground"; sourceTree = "<group>"; xcLanguageSpecificationIdentifier = xcode.lang.swift; };
		5B4411CC2D5BC77100680088 /* 206. Reverse Linked List.playground */ = {isa = PBXFileReference; lastKnownFileType = file.playground; path = "206. Reverse Linked List.playground"; sourceTree = "<group>"; xcLanguageSpecificationIdentifier = xcode.lang.swift; };
		5B4411CD2D5CC0E700680088 /* 234. Palindrome Linked List.playground */ = {isa = PBXFileReference; lastKnownFileType = file.playground; path = "234. Palindrome Linked List.playground"; sourceTree = "<group>"; xcLanguageSpecificationIdentifier = xcode.lang.swift; };
		5B4886B42D3A9B8E003DCEBC /* 20. Valid Parentheses.playground */ = {isa = PBXFileReference; lastKnownFileType = file.playground; path = "20. Valid Parentheses.playground"; sourceTree = "<group>"; xcLanguageSpecificationIdentifier = xcode.lang.swift; };
		5B4886B52D3A9B8E003DCEBC /* 1. Two Sum.playground */ = {isa = PBXFileReference; lastKnownFileType = file.playground; path = "1. Two Sum.playground"; sourceTree = "<group>"; xcLanguageSpecificationIdentifier = xcode.lang.swift; };
		5B58AEEF2D3C23EA00C97E15 /* 13. Roman to Integer.playground */ = {isa = PBXFileReference; lastKnownFileType = file.playground; path = "13. Roman to Integer.playground"; sourceTree = "<group>"; xcLanguageSpecificationIdentifier = xcode.lang.swift; };
		5B58AEF02D3C24DC00C97E15 /* README.md */ = {isa = PBXFileReference; lastKnownFileType = net.daringfireball.markdown; name = README.md; path = ../README.md; sourceTree = "<group>"; };
		5B8678792D41901100369F41 /* 2. Add Two Numbers.playground */ = {isa = PBXFileReference; lastKnownFileType = file.playground; path = "2. Add Two Numbers.playground"; sourceTree = "<group>"; xcLanguageSpecificationIdentifier = xcode.lang.swift; };
		5BA199CC2D4A545700DD2B26 /* 141. Linked List Cycle.playground */ = {isa = PBXFileReference; lastKnownFileType = file.playground; path = "141. Linked List Cycle.playground"; sourceTree = "<group>"; xcLanguageSpecificationIdentifier = xcode.lang.swift; };
		5BA199CD2D4C000100DD2B26 /* 9. Palindrome Number.playground */ = {isa = PBXFileReference; lastKnownFileType = file.playground; path = "9. Palindrome Number.playground"; sourceTree = "<group>"; xcLanguageSpecificationIdentifier = xcode.lang.swift; };
		5BA199CE2D5279A800DD2B26 /* 2815. Max Pair Sum in an Array.playground */ = {isa = PBXFileReference; lastKnownFileType = file.playground; path = "2815. Max Pair Sum in an Array.playground"; sourceTree = "<group>"; xcLanguageSpecificationIdentifier = xcode.lang.swift; };
		5BD3B6CC2D3FE2B60040D097 /* 8. String to Integer (atoi).playground */ = {isa = PBXFileReference; lastKnownFileType = file.playground; path = "8. String to Integer (atoi).playground"; sourceTree = "<group>"; xcLanguageSpecificationIdentifier = xcode.lang.swift; };
/* End PBXFileReference section */

/* Begin PBXGroup section */
		5B4886AC2D3A6F19003DCEBC = {
			isa = PBXGroup;
			children = (
				5B58AEF02D3C24DC00C97E15 /* README.md */,
				5B4886B52D3A9B8E003DCEBC /* 1. Two Sum.playground */,
				5B8678792D41901100369F41 /* 2. Add Two Numbers.playground */,
				5B40DEF22D3E79A900F71C51 /* 7. Reverse Integer.playground */,
				5BD3B6CC2D3FE2B60040D097 /* 8. String to Integer (atoi).playground */,
				5BA199CD2D4C000100DD2B26 /* 9. Palindrome Number.playground */,
				5B58AEEF2D3C23EA00C97E15 /* 13. Roman to Integer.playground */,
				5B4886B42D3A9B8E003DCEBC /* 20. Valid Parentheses.playground */,
				5B44118F2D5585D300680088 /* 26. Remove Duplicates from Sorted Array.playground */,
				5B44118E2D557B7E00680088 /* 27. Remove Element.playground */,
				5B4411902D5642A700680088 /* 121. Best Time to Buy and Sell Stock.playground */,
				5BA199CC2D4A545700DD2B26 /* 141. Linked List Cycle.playground */,
				5B4411CC2D5BC77100680088 /* 206. Reverse Linked List.playground */,
				5B4411CD2D5CC0E700680088 /* 234. Palindrome Linked List.playground */,
				5BA199CE2D5279A800DD2B26 /* 2815. Max Pair Sum in an Array.playground */,
			);
			sourceTree = "<group>";
		};
/* End PBXGroup section */

/* Begin PBXProject section */
		5B4886AD2D3A6F19003DCEBC /* Project object */ = {
			isa = PBXProject;
			attributes = {
				BuildIndependentTargetsInParallel = 1;
				LastUpgradeCheck = 1540;
			};
			buildConfigurationList = 5B4886B02D3A6F19003DCEBC /* Build configuration list for PBXProject "AllProblemsProject" */;
			compatibilityVersion = "Xcode 14.0";
			developmentRegion = en;
			hasScannedForEncodings = 0;
			knownRegions = (
				en,
				Base,
			);
			mainGroup = 5B4886AC2D3A6F19003DCEBC;
			projectDirPath = "";
			projectRoot = "";
			targets = (
			);
		};
/* End PBXProject section */

/* Begin XCBuildConfiguration section */
		5B4886B12D3A6F19003DCEBC /* Debug */ = {
			isa = XCBuildConfiguration;
			buildSettings = {
			};
			name = Debug;
		};
		5B4886B22D3A6F19003DCEBC /* Release */ = {
			isa = XCBuildConfiguration;
			buildSettings = {
			};
			name = Release;
		};
/* End XCBuildConfiguration section */

/* Begin XCConfigurationList section */
		5B4886B02D3A6F19003DCEBC /* Build configuration list for PBXProject "AllProblemsProject" */ = {
			isa = XCConfigurationList;
			buildConfigurations = (
				5B4886B12D3A6F19003DCEBC /* Debug */,
				5B4886B22D3A6F19003DCEBC /* Release */,
			);
			defaultConfigurationIsVisible = 0;
			defaultConfigurationName = Release;
		};
/* End XCConfigurationList section */
	};
	rootObject = 5B4886AD2D3A6F19003DCEBC /* Project object */;
}
